
Microsoft Visual Studio Solution File, Format Version 12.00
# Visual Studio Version 17
VisualStudioVersion = 17.6.33723.286
MinimumVisualStudioVersion = 10.0.40219.1
Project("{9A19103F-16F7-4668-BE54-9A1E7A4F7556}") = "Business", "Business\Business.csproj", "{FF2C607A-DC21-447E-B08F-476B671B3344}"
EndProject
Project("{9A19103F-16F7-4668-BE54-9A1E7A4F7556}") = "Core", "Core\Core.csproj", "{9DFD5DB3-293E-4521-B136-DF8BF7B6937A}"
EndProject
Project("{9A19103F-16F7-4668-BE54-9A1E7A4F7556}") = "DataAccess", "DataAccess\DataAccess.csproj", "{B40355E1-0B29-4D11-8769-39FF2ADEA3A4}"
EndProject
Project("{9A19103F-16F7-4668-BE54-9A1E7A4F7556}") = "Entities", "Entities\Entities.csproj", "{D03DA3A5-6D0B-4231-9420-E02EFF6CF501}"
EndProject
Project("{FAE04EC0-301F-11D3-BF4B-00C04F79EFBC}") = "WebAPI", "WebAPI\WebAPI.csproj", "{308ED680-5DC5-4828-B06F-50C5B4F72367}"
EndProject
Global
	GlobalSection(SolutionConfigurationPlatforms) = preSolution
		Debug|Any CPU = Debug|Any CPU
		Release|Any CPU = Release|Any CPU
	EndGlobalSection
	GlobalSection(ProjectConfigurationPlatforms) = postSolution
		{FF2C607A-DC21-447E-B08F-476B671B3344}.Debug|Any CPU.ActiveCfg = Debug|Any CPU
		{FF2C607A-DC21-447E-B08F-476B671B3344}.Debug|Any CPU.Build.0 = Debug|Any CPU
		{FF2C607A-DC21-447E-B08F-476B671B3344}.Release|Any CPU.ActiveCfg = Release|Any CPU
		{FF2C607A-DC21-447E-B08F-476B671B3344}.Release|Any CPU.Build.0 = Release|Any CPU
		{9DFD5DB3-293E-4521-B136-DF8BF7B6937A}.Debug|Any CPU.ActiveCfg = Debug|Any CPU
		{9DFD5DB3-293E-4521-B136-DF8BF7B6937A}.Debug|Any CPU.Build.0 = Debug|Any CPU
		{9DFD5DB3-293E-4521-B136-DF8BF7B6937A}.Release|Any CPU.ActiveCfg = Release|Any CPU
		{9DFD5DB3-293E-4521-B136-DF8BF7B6937A}.Release|Any CPU.Build.0 = Release|Any CPU
		{B40355E1-0B29-4D11-8769-39FF2ADEA3A4}.Debug|Any CPU.ActiveCfg = Debug|Any CPU
		{B40355E1-0B29-4D11-8769-39FF2ADEA3A4}.Debug|Any CPU.Build.0 = Debug|Any CPU
		{B40355E1-0B29-4D11-8769-39FF2ADEA3A4}.Release|Any CPU.ActiveCfg = Release|Any CPU
		{B40355E1-0B29-4D11-8769-39FF2ADEA3A4}.Release|Any CPU.Build.0 = Release|Any CPU
		{D03DA3A5-6D0B-4231-9420-E02EFF6CF501}.Debug|Any CPU.ActiveCfg = Debug|Any CPU
		{D03DA3A5-6D0B-4231-9420-E02EFF6CF501}.Debug|Any CPU.Build.0 = Debug|Any CPU
		{D03DA3A5-6D0B-4231-9420-E02EFF6CF501}.Release|Any CPU.ActiveCfg = Release|Any CPU
		{D03DA3A5-6D0B-4231-9420-E02EFF6CF501}.Release|Any CPU.Build.0 = Release|Any CPU
		{308ED680-5DC5-4828-B06F-50C5B4F72367}.Debug|Any CPU.ActiveCfg = Debug|Any CPU
		{308ED680-5DC5-4828-B06F-50C5B4F72367}.Debug|Any CPU.Build.0 = Debug|Any CPU
		{308ED680-5DC5-4828-B06F-50C5B4F72367}.Release|Any CPU.ActiveCfg = Release|Any CPU
		{308ED680-5DC5-4828-B06F-50C5B4F72367}.Release|Any CPU.Build.0 = Release|Any CPU
	EndGlobalSection
	GlobalSection(SolutionProperties) = preSolution
		HideSolutionNode = FALSE
	EndGlobalSection
	GlobalSection(ExtensibilityGlobals) = postSolution
		SolutionGuid = {3695FE8D-8841-436B-9C40-991D7F5A3F0C}
	EndGlobalSection
EndGlobal
